
Microsoft Visual Studio Solution File, Format Version 12.00
# Visual Studio Version 17
VisualStudioVersion = 17.14.36202.13 d17.14
MinimumVisualStudioVersion = 10.0.40219.1
Project("{888888A0-9F3D-457C-B088-3A5042F75D52}") = "langchain-agent-lab", "langchain-agent-lab.pyproj", "{EF88CF62-B2F7-4853-AEBC-9600269B4F74}"
EndProject
Global
	GlobalSection(SolutionConfigurationPlatforms) = preSolution
		Debug|Any CPU = Debug|Any CPU
		Release|Any CPU = Release|Any CPU
	EndGlobalSection
	GlobalSection(ProjectConfigurationPlatforms) = postSolution
		{EF88CF62-B2F7-4853-AEBC-9600269B4F74}.Debug|Any CPU.ActiveCfg = Debug|Any CPU
		{EF88CF62-B2F7-4853-AEBC-9600269B4F74}.Release|Any CPU.ActiveCfg = Release|Any CPU
	EndGlobalSection
	GlobalSection(SolutionProperties) = preSolution
		HideSolutionNode = FALSE
	EndGlobalSection
	GlobalSection(ExtensibilityGlobals) = postSolution
		SolutionGuid = {8EA0561E-045E-4B68-82EA-F41DDFBF3854}
	EndGlobalSection
EndGlobal
